
Microsoft Visual Studio Solution File, Format Version 12.00
# Visual Studio Version 16
VisualStudioVersion = 16.0.32228.343
MinimumVisualStudioVersion = 10.0.40219.1
Project("{FAE04EC0-301F-11D3-BF4B-00C04F79EFBC}") = "Algorithms Assignment", "Algorithms Assignment\Algorithms Assignment.csproj", "{34F7BFDC-1D5F-450A-811A-E9F45F2752D6}"
EndProject
Global
	GlobalSection(SolutionConfigurationPlatforms) = preSolution
		Debug|Any CPU = Debug|Any CPU
		Release|Any CPU = Release|Any CPU
	EndGlobalSection
	GlobalSection(ProjectConfigurationPlatforms) = postSolution
		{34F7BFDC-1D5F-450A-811A-E9F45F2752D6}.Debug|Any CPU.ActiveCfg = Debug|Any CPU
		{34F7BFDC-1D5F-450A-811A-E9F45F2752D6}.Debug|Any CPU.Build.0 = Debug|Any CPU
		{34F7BFDC-1D5F-450A-811A-E9F45F2752D6}.Release|Any CPU.ActiveCfg = Release|Any CPU
		{34F7BFDC-1D5F-450A-811A-E9F45F2752D6}.Release|Any CPU.Build.0 = Release|Any CPU
	EndGlobalSection
	GlobalSection(SolutionProperties) = preSolution
		HideSolutionNode = FALSE
	EndGlobalSection
	GlobalSection(ExtensibilityGlobals) = postSolution
		SolutionGuid = {4689B816-F5BA-4758-B9DE-E35ADA69DEF6}
	EndGlobalSection
EndGlobal
